
Microsoft Visual Studio Solution File, Format Version 12.00
# Visual Studio Version 17
VisualStudioVersion = 17.5.33530.505
MinimumVisualStudioVersion = 10.0.40219.1
Project("{FAE04EC0-301F-11D3-BF4B-00C04F79EFBC}") = "DomuzBank", "DomuzBank\DomuzBank.csproj", "{44E93F82-7F50-4F2C-AB77-7783CE675D66}"
EndProject
Global
	GlobalSection(SolutionConfigurationPlatforms) = preSolution
		Debug|Any CPU = Debug|Any CPU
		Release|Any CPU = Release|Any CPU
	EndGlobalSection
	GlobalSection(ProjectConfigurationPlatforms) = postSolution
		{44E93F82-7F50-4F2C-AB77-7783CE675D66}.Debug|Any CPU.ActiveCfg = Debug|Any CPU
		{44E93F82-7F50-4F2C-AB77-7783CE675D66}.Debug|Any CPU.Build.0 = Debug|Any CPU
		{44E93F82-7F50-4F2C-AB77-7783CE675D66}.Release|Any CPU.ActiveCfg = Release|Any CPU
		{44E93F82-7F50-4F2C-AB77-7783CE675D66}.Release|Any CPU.Build.0 = Release|Any CPU
	EndGlobalSection
	GlobalSection(SolutionProperties) = preSolution
		HideSolutionNode = FALSE
	EndGlobalSection
	GlobalSection(ExtensibilityGlobals) = postSolution
		SolutionGuid = {1960AD79-C62A-4B27-BC21-21A8697B4C0E}
	EndGlobalSection
EndGlobal
